
Microsoft Visual Studio Solution File, Format Version 12.00
# Visual Studio Version 17
VisualStudioVersion = 17.14.37516.0
MinimumVisualStudioVersion = 10.0.40219.1
Project("{FAE04EC0-301F-11D3-BF4B-00C04F79EFBC}") = "DotNetChallenge", "DotNetChallenge\DotNetChallenge.csproj", "{B665C980-63B8-449C-97E0-AC5AC7AE6375}"
EndProject
Global
	GlobalSection(SolutionConfigurationPlatforms) = preSolution
		Debug|Any CPU = Debug|Any CPU
		Release|Any CPU = Release|Any CPU
	EndGlobalSection
	GlobalSection(ProjectConfigurationPlatforms) = postSolution
		{B665C980-63B8-449C-97E0-AC5AC7AE6375}.Debug|Any CPU.ActiveCfg = Debug|Any CPU
		{B665C980-63B8-449C-97E0-AC5AC7AE6375}.Debug|Any CPU.Build.0 = Debug|Any CPU
		{B665C980-63B8-449C-97E0-AC5AC7AE6375}.Release|Any CPU.ActiveCfg = Release|Any CPU
		{B665C980-63B8-449C-97E0-AC5AC7AE6375}.Release|Any CPU.Build.0 = Release|Any CPU
	EndGlobalSection
	GlobalSection(SolutionProperties) = preSolution
		HideSolutionNode = FALSE
	EndGlobalSection
	GlobalSection(ExtensibilityGlobals) = postSolution
		SolutionGuid = {CB1D865D-6399-4BDD-83BC-78990D6230B8}
	EndGlobalSection
EndGlobal
